
Microsoft Visual Studio Solution File, Format Version 12.00
# Visual Studio Version 17
VisualStudioVersion = 17.6.33815.320
MinimumVisualStudioVersion = 10.0.40219.1
Project("{2150E333-8FDC-42A3-9474-1A3956D46DE8}") = "Engine", "Engine", "{0B3BB084-B706-46FA-9632-964BAB239514}"
EndProject
Project("{2150E333-8FDC-42A3-9474-1A3956D46DE8}") = "Game", "Game", "{19512711-2C24-449F-9955-25E5E24A3959}"
EndProject
Project("{8BC9CEB8-8B4A-11D0-8D11-00A0C91BC942}") = "Game", "Source\Game\Game\Game.vcxproj", "{B357C599-F23C-46CD-A765-7654FC2343E9}"
EndProject
Project("{8BC9CEB8-8B4A-11D0-8D11-00A0C91BC942}") = "Core", "Source\Engine\Core\Core.vcxproj", "{67C23787-5ED2-4865-B689-CED1BD955043}"
EndProject
Project("{8BC9CEB8-8B4A-11D0-8D11-00A0C91BC942}") = "Renderer", "Source\Engine\Renderer\Renderer.vcxproj", "{9529EC2B-CBD0-4285-90F5-22A782176F03}"
EndProject
Global
	GlobalSection(SolutionConfigurationPlatforms) = preSolution
		Debug|x64 = Debug|x64
		Debug|x86 = Debug|x86
		Release|x64 = Release|x64
		Release|x86 = Release|x86
	EndGlobalSection
	GlobalSection(ProjectConfigurationPlatforms) = postSolution
		{B357C599-F23C-46CD-A765-7654FC2343E9}.Debug|x64.ActiveCfg = Debug|x64
		{B357C599-F23C-46CD-A765-7654FC2343E9}.Debug|x64.Build.0 = Debug|x64
		{B357C599-F23C-46CD-A765-7654FC2343E9}.Debug|x86.ActiveCfg = Debug|Win32
		{B357C599-F23C-46CD-A765-7654FC2343E9}.Debug|x86.Build.0 = Debug|Win32
		{B357C599-F23C-46CD-A765-7654FC2343E9}.Release|x64.ActiveCfg = Release|x64
		{B357C599-F23C-46CD-A765-7654FC2343E9}.Release|x64.Build.0 = Release|x64
		{B357C599-F23C-46CD-A765-7654FC2343E9}.Release|x86.ActiveCfg = Release|Win32
		{B357C599-F23C-46CD-A765-7654FC2343E9}.Release|x86.Build.0 = Release|Win32
		{67C23787-5ED2-4865-B689-CED1BD955043}.Debug|x64.ActiveCfg = Debug|x64
		{67C23787-5ED2-4865-B689-CED1BD955043}.Debug|x64.Build.0 = Debug|x64
		{67C23787-5ED2-4865-B689-CED1BD955043}.Debug|x86.ActiveCfg = Debug|Win32
		{67C23787-5ED2-4865-B689-CED1BD955043}.Debug|x86.Build.0 = Debug|Win32
		{67C23787-5ED2-4865-B689-CED1BD955043}.Release|x64.ActiveCfg = Release|x64
		{67C23787-5ED2-4865-B689-CED1BD955043}.Release|x64.Build.0 = Release|x64
		{67C23787-5ED2-4865-B689-CED1BD955043}.Release|x86.ActiveCfg = Release|Win32
		{67C23787-5ED2-4865-B689-CED1BD955043}.Release|x86.Build.0 = Release|Win32
		{9529EC2B-CBD0-4285-90F5-22A782176F03}.Debug|x64.ActiveCfg = Debug|x64
		{9529EC2B-CBD0-4285-90F5-22A782176F03}.Debug|x64.Build.0 = Debug|x64
		{9529EC2B-CBD0-4285-90F5-22A782176F03}.Debug|x86.ActiveCfg = Debug|Win32
		{9529EC2B-CBD0-4285-90F5-22A782176F03}.Debug|x86.Build.0 = Debug|Win32
		{9529EC2B-CBD0-4285-90F5-22A782176F03}.Release|x64.ActiveCfg = Release|x64
		{9529EC2B-CBD0-4285-90F5-22A782176F03}.Release|x64.Build.0 = Release|x64
		{9529EC2B-CBD0-4285-90F5-22A782176F03}.Release|x86.ActiveCfg = Release|Win32
		{9529EC2B-CBD0-4285-90F5-22A782176F03}.Release|x86.Build.0 = Release|Win32
	EndGlobalSection
	GlobalSection(SolutionProperties) = preSolution
		HideSolutionNode = FALSE
	EndGlobalSection
	GlobalSection(NestedProjects) = preSolution
		{B357C599-F23C-46CD-A765-7654FC2343E9} = {19512711-2C24-449F-9955-25E5E24A3959}
		{67C23787-5ED2-4865-B689-CED1BD955043} = {0B3BB084-B706-46FA-9632-964BAB239514}
		{9529EC2B-CBD0-4285-90F5-22A782176F03} = {0B3BB084-B706-46FA-9632-964BAB239514}
	EndGlobalSection
	GlobalSection(ExtensibilityGlobals) = postSolution
		SolutionGuid = {65836DA9-4955-4913-8C82-1B3BA00A156F}
	EndGlobalSection
EndGlobal
